// !$*UTF8*$!
{
	archiveVersion = 1;
	classes = {
	};
	objectVersion = 46;
	objects = {

/* Begin PBXBuildFile section */
		A54F19CC1AA7EB5500518776 /* main.m in Sources */ = {isa = PBXBuildFile; fileRef = A54F19CB1AA7EB5500518776 /* main.m */; };
		A54F19CF1AA7EB5500518776 /* AppDelegate.m in Sources */ = {isa = PBXBuildFile; fileRef = A54F19CE1AA7EB5500518776 /* AppDelegate.m */; };
		A54F19D21AA7EB5500518776 /* ViewController.m in Sources */ = {isa = PBXBuildFile; fileRef = A54F19D11AA7EB5500518776 /* ViewController.m */; };
		A54F19D51AA7EB5500518776 /* Main.storyboard in Resources */ = {isa = PBXBuildFile; fileRef = A54F19D31AA7EB5500518776 /* Main.storyboard */; };
		A54F19D71AA7EB5500518776 /* Images.xcassets in Resources */ = {isa = PBXBuildFile; fileRef = A54F19D61AA7EB5500518776 /* Images.xcassets */; };
		A54F19DA1AA7EB5500518776 /* LaunchScreen.xib in Resources */ = {isa = PBXBuildFile; fileRef = A54F19D81AA7EB5500518776 /* LaunchScreen.xib */; };
		A54F19E61AA7EB5500518776 /* ExampleTests.m in Sources */ = {isa = PBXBuildFile; fileRef = A54F19E51AA7EB5500518776 /* ExampleTests.m */; };
/* End PBXBuildFile section */

/* Begin PBXContainerItemProxy section */
		A54F19E01AA7EB5500518776 /* PBXContainerItemProxy */ = {
			isa = PBXContainerItemProxy;
			containerPortal = A54F19BE1AA7EB5500518776 /* Project object */;
			proxyType = 1;
			remoteGlobalIDString = A54F19C51AA7EB5500518776;
			remoteInfo = Example;
		};
/* End PBXContainerItemProxy section */

/* Begin PBXFileReference section */
		A54F19C61AA7EB5500518776 /* Example.app */ = {isa = PBXFileReference; explicitFileType = wrapper.application; includeInIndex = 0; path = Example.app; sourceTree = BUILT_PRODUCTS_DIR; };
		A54F19CA1AA7EB5500518776 /* Info.plist */ = {isa = PBXFileReference; lastKnownFileType = text.plist.xml; path = Info.plist; sourceTree = "<group>"; };
		A54F19CB1AA7EB5500518776 /* main.m */ = {isa = PBXFileReference; lastKnownFileType = sourcecode.c.objc; path = main.m; sourceTree = "<group>"; };
		A54F19CD1AA7EB5500518776 /* AppDelegate.h */ = {isa = PBXFileReference; lastKnownFileType = sourcecode.c.h; path = AppDelegate.h; sourceTree = "<group>"; };
		A54F19CE1AA7EB5500518776 /* AppDelegate.m */ = {isa = PBXFileReference; lastKnownFileType = sourcecode.c.objc; path = AppDelegate.m; sourceTree = "<group>"; };
		A54F19D01AA7EB5500518776 /* ViewController.h */ = {isa = PBXFileReference; lastKnownFileType = sourcecode.c.h; path = ViewController.h; sourceTree = "<group>"; };
		A54F19D11AA7EB5500518776 /* ViewController.m */ = {isa = PBXFileReference; lastKnownFileType = sourcecode.c.objc; path = ViewController.m; sourceTree = "<group>"; };
		A54F19D41AA7EB5500518776 /* Base */ = {isa = PBXFileReference; lastKnownFileType = file.storyboard; name = Base; path = Base.lproj/Main.storyboard; sourceTree = "<group>"; };
		A54F19D61AA7EB5500518776 /* Images.xcassets */ = {isa = PBXFileReference; lastKnownFileType = folder.assetcatalog; path = Images.xcassets; sourceTree = "<group>"; };
		A54F19D91AA7EB5500518776 /* Base */ = {isa = PBXFileReference; lastKnownFileType = file.xib; name = Base; path = Base.lproj/LaunchScreen.xib; sourceTree = "<group>"; };
		A54F19DF1AA7EB5500518776 /* ExampleTests.xctest */ = {isa = PBXFileReference; explicitFileType = wrapper.cfbundle; includeInIndex = 0; path = ExampleTests.xctest; sourceTree = BUILT_PRODUCTS_DIR; };
		A54F19E41AA7EB5500518776 /* Info.plist */ = {isa = PBXFileReference; lastKnownFileType = text.plist.xml; path = Info.plist; sourceTree = "<group>"; };
		A54F19E51AA7EB5500518776 /* ExampleTests.m */ = {isa = PBXFileReference; lastKnownFileType = sourcecode.c.objc; path = ExampleTests.m; sourceTree = "<group>"; };
/* End PBXFileReference section */

/* Begin PBXFrameworksBuildPhase section */
		A54F19C31AA7EB5500518776 /* Frameworks */ = {
			isa = PBXFrameworksBuildPhase;
			buildActionMask = 2147483647;
			files = (
			);
			runOnlyForDeploymentPostprocessing = 0;
		};
		A54F19DC1AA7EB5500518776 /* Frameworks */ = {
			isa = PBXFrameworksBuildPhase;
			buildActionMask = 2147483647;
			files = (
			);
			runOnlyForDeploymentPostprocessing = 0;
		};
/* End PBXFrameworksBuildPhase section */

/* Begin PBXGroup section */
		A54F19BD1AA7EB5500518776 = {
			isa = PBXGroup;
			children = (
				A54F19C81AA7EB5500518776 /* Example */,
				A54F19E21AA7EB5500518776 /* ExampleTests */,
				A54F19C71AA7EB5500518776 /* Products */,
			);
			sourceTree = "<group>";
		};
		A54F19C71AA7EB5500518776 /* Products */ = {
			isa = PBXGroup;
			children = (
				A54F19C61AA7EB5500518776 /* Example.app */,
				A54F19DF1AA7EB5500518776 /* ExampleTests.xctest */,
			);
			name = Products;
			sourceTree = "<group>";
		};
		A54F19C81AA7EB5500518776 /* Example */ = {
			isa = PBXGroup;
			children = (
				A54F19CD1AA7EB5500518776 /* AppDelegate.h */,
				A54F19CE1AA7EB5500518776 /* AppDelegate.m */,
				A54F19D01AA7EB5500518776 /* ViewController.h */,
				A54F19D11AA7EB5500518776 /* ViewController.m */,
				A54F19D31AA7EB5500518776 /* Main.storyboard */,
				A54F19D61AA7EB5500518776 /* Images.xcassets */,
				A54F19D81AA7EB5500518776 /* LaunchScreen.xib */,
				A54F19C91AA7EB5500518776 /* Supporting Files */,
			);
			path = Example;
			sourceTree = "<group>";
		};
		A54F19C91AA7EB5500518776 /* Supporting Files */ = {
			isa = PBXGroup;
			children = (
				A54F19CA1AA7EB5500518776 /* Info.plist */,
				A54F19CB1AA7EB5500518776 /* main.m */,
			);
			name = "Supporting Files";
			sourceTree = "<group>";
		};
		A54F19E21AA7EB5500518776 /* ExampleTests */ = {
			isa = PBXGroup;
			children = (
				A54F19E51AA7EB5500518776 /* ExampleTests.m */,
				A54F19E31AA7EB5500518776 /* Supporting Files */,
			);
			path = ExampleTests;
			sourceTree = "<group>";
		};
		A54F19E31AA7EB5500518776 /* Supporting Files */ = {
			isa = PBXGroup;
			children = (
				A54F19E41AA7EB5500518776 /* Info.plist */,
			);
			name = "Supporting Files";
			sourceTree = "<group>";
		};
/* End PBXGroup section */

/* Begin PBXNativeTarget section */
		A54F19C51AA7EB5500518776 /* Example */ = {
			isa = PBXNativeTarget;
			buildConfigurationList = A54F19E91AA7EB5500518776 /* Build configuration list for PBXNativeTarget "Example" */;
			buildPhases = (
				A54F19C21AA7EB5500518776 /* Sources */,
				A54F19C31AA7EB5500518776 /* Frameworks */,
				A54F19C41AA7EB5500518776 /* Resources */,
			);
			buildRules = (
			);
			dependencies = (
			);
			name = Example;
			productName = Example;
			productReference = A54F19C61AA7EB5500518776 /* Example.app */;
			productType = "com.apple.product-type.application";
		};
		A54F19DE1AA7EB5500518776 /* ExampleTests */ = {
			isa = PBXNativeTarget;
			buildConfigurationList = A54F19EC1AA7EB5500518776 /* Build configuration list for PBXNativeTarget "ExampleTests" */;
			buildPhases = (
				A54F19DB1AA7EB5500518776 /* Sources */,
				A54F19DC1AA7EB5500518776 /* Frameworks */,
				A54F19DD1AA7EB5500518776 /* Resources */,
			);
			buildRules = (
			);
			dependencies = (
				A54F19E11AA7EB5500518776 /* PBXTargetDependency */,
			);
			name = ExampleTests;
			productName = ExampleTests;
			productReference = A54F19DF1AA7EB5500518776 /* ExampleTests.xctest */;
			productType = "com.apple.product-type.bundle.unit-test";
		};
/* End PBXNativeTarget section */

/* Begin PBXProject section */
		A54F19BE1AA7EB5500518776 /* Project object */ = {
			isa = PBXProject;
			attributes = {
				LastUpgradeCheck = 0610;
				ORGANIZATIONNAME = "Alex Givens";
				TargetAttributes = {
					A54F19C51AA7EB5500518776 = {
						CreatedOnToolsVersion = 6.1.1;
					};
					A54F19DE1AA7EB5500518776 = {
						CreatedOnToolsVersion = 6.1.1;
						TestTargetID = A54F19C51AA7EB5500518776;
					};
				};
			};
			buildConfigurationList = A54F19C11AA7EB5500518776 /* Build configuration list for PBXProject "Example" */;
			compatibilityVersion = "Xcode 3.2";
			developmentRegion = English;
			hasScannedForEncodings = 0;
			knownRegions = (
				en,
				Base,
			);
			mainGroup = A54F19BD1AA7EB5500518776;
			productRefGroup = A54F19C71AA7EB5500518776 /* Products */;
			projectDirPath = "";
			projectRoot = "";
			targets = (
				A54F19C51AA7EB5500518776 /* Example */,
				A54F19DE1AA7EB5500518776 /* ExampleTests */,
			);
		};
/* End PBXProject section */

/* Begin PBXResourcesBuildPhase section */
		A54F19C41AA7EB5500518776 /* Resources */ = {
			isa = PBXResourcesBuildPhase;
			buildActionMask = 2147483647;
			files = (
				A54F19D51AA7EB5500518776 /* Main.storyboard in Resources */,
				A54F19DA1AA7EB5500518776 /* LaunchScreen.xib in Resources */,
				A54F19D71AA7EB5500518776 /* Images.xcassets in Resources */,
			);
			runOnlyForDeploymentPostprocessing = 0;
		};
		A54F19DD1AA7EB5500518776 /* Resources */ = {
			isa = PBXResourcesBuildPhase;
			buildActionMask = 2147483647;
			files = (
			);
			runOnlyForDeploymentPostprocessing = 0;
		};
/* End PBXResourcesBuildPhase section */

/* Begin PBXSourcesBuildPhase section */
		A54F19C21AA7EB5500518776 /* Sources */ = {
			isa = PBXSourcesBuildPhase;
			buildActionMask = 2147483647;
			files = (
				A54F19D21AA7EB5500518776 /* ViewController.m in Sources */,
				A54F19CF1AA7EB5500518776 /* AppDelegate.m in Sources */,
				A54F19CC1AA7EB5500518776 /* main.m in Sources */,
			);
			runOnlyForDeploymentPostprocessing = 0;
		};
		A54F19DB1AA7EB5500518776 /* Sources */ = {
			isa = PBXSourcesBuildPhase;
			buildActionMask = 2147483647;
			files = (
				A54F19E61AA7EB5500518776 /* ExampleTests.m in Sources */,
			);
			runOnlyForDeploymentPostprocessing = 0;
		};
/* End PBXSourcesBuildPhase section */

/* Begin PBXTargetDependency section */
		A54F19E11AA7EB5500518776 /* PBXTargetDependency */ = {
			isa = PBXTargetDependency;
			target = A54F19C51AA7EB5500518776 /* Example */;
			targetProxy = A54F19E01AA7EB5500518776 /* PBXContainerItemProxy */;
		};
/* End PBXTargetDependency section */

/* Begin PBXVariantGroup section */
		A54F19D31AA7EB5500518776 /* Main.storyboard */ = {
			isa = PBXVariantGroup;
			children = (
				A54F19D41AA7EB5500518776 /* Base */,
			);
			name = Main.storyboard;
			sourceTree = "<group>";
		};
		A54F19D81AA7EB5500518776 /* LaunchScreen.xib */ = {
			isa = PBXVariantGroup;
			children = (
				A54F19D91AA7EB5500518776 /* Base */,
			);
			name = LaunchScreen.xib;
			sourceTree = "<group>";
		};
/* End PBXVariantGroup section */

/* Begin XCBuildConfiguration section */
		A54F19E71AA7EB5500518776 /* Debug */ = {
			isa = XCBuildConfiguration;
			buildSettings = {
				ALWAYS_SEARCH_USER_PATHS = NO;
				CLANG_CXX_LANGUAGE_STANDARD = "gnu++0x";
				CLANG_CXX_LIBRARY = "libc++";
				CLANG_ENABLE_MODULES = YES;
				CLANG_ENABLE_OBJC_ARC = YES;
				CLANG_WARN_BOOL_CONVERSION = YES;
				CLANG_WARN_CONSTANT_CONVERSION = YES;
				CLANG_WARN_DIRECT_OBJC_ISA_USAGE = YES_ERROR;
				CLANG_WARN_EMPTY_BODY = YES;
				CLANG_WARN_ENUM_CONVERSION = YES;
				CLANG_WARN_INT_CONVERSION = YES;
				CLANG_WARN_OBJC_ROOT_CLASS = YES_ERROR;
				CLANG_WARN_UNREACHABLE_CODE = YES;
				CLANG_WARN__DUPLICATE_METHOD_MATCH = YES;
				"CODE_SIGN_IDENTITY[sdk=iphoneos*]" = "iPhone Developer";
				COPY_PHASE_STRIP = NO;
				ENABLE_STRICT_OBJC_MSGSEND = YES;
				GCC_C_LANGUAGE_STANDARD = gnu99;
				GCC_DYNAMIC_NO_PIC = NO;
				GCC_OPTIMIZATION_LEVEL = 0;
				GCC_PREPROCESSOR_DEFINITIONS = (
					"DEBUG=1",
					"$(inherited)",
				);
				GCC_SYMBOLS_PRIVATE_EXTERN = NO;
				GCC_WARN_64_TO_32_BIT_CONVERSION = YES;
				GCC_WARN_ABOUT_RETURN_TYPE = YES_ERROR;
				GCC_WARN_UNDECLARED_SELECTOR = YES;
				GCC_WARN_UNINITIALIZED_AUTOS = YES_AGGRESSIVE;
				GCC_WARN_UNUSED_FUNCTION = YES;
				GCC_WARN_UNUSED_VARIABLE = YES;
				IPHONEOS_DEPLOYMENT_TARGET = 8.1;
				MTL_ENABLE_DEBUG_INFO = YES;
				ONLY_ACTIVE_ARCH = YES;
				SDKROOT = iphoneos;
				TARGETED_DEVICE_FAMILY = "1,2";
			};
			name = Debug;
		};
		A54F19E81AA7EB5500518776 /* Release */ = {
			isa = XCBuildConfiguration;
			buildSettings = {
				ALWAYS_SEARCH_USER_PATHS = NO;
				CLANG_CXX_LANGUAGE_STANDARD = "gnu++0x";
				CLANG_CXX_LIBRARY = "libc++";
				CLANG_ENABLE_MODULES = YES;
				CLANG_ENABLE_OBJC_ARC = YES;
				CLANG_WARN_BOOL_CONVERSION = YES;
				CLANG_WARN_CONSTANT_CONVERSION = YES;
				CLANG_WARN_DIRECT_OBJC_ISA_USAGE = YES_ERROR;
				CLANG_WARN_EMPTY_BODY = YES;
				CLANG_WARN_ENUM_CONVERSION = YES;
				CLANG_WARN_INT_CONVERSION = YES;
				CLANG_WARN_OBJC_ROOT_CLASS = YES_ERROR;
				CLANG_WARN_UNREACHABLE_CODE = YES;
				CLANG_WARN__DUPLICATE_METHOD_MATCH = YES;
				"CODE_SIGN_IDENTITY[sdk=iphoneos*]" = "iPhone Developer";
				COPY_PHASE_STRIP = YES;
				ENABLE_NS_ASSERTIONS = NO;
				ENABLE_STRICT_OBJC_MSGSEND = YES;
				GCC_C_LANGUAGE_STANDARD = gnu99;
				GCC_WARN_64_TO_32_BIT_CONVERSION = YES;
				GCC_WARN_ABOUT_RETURN_TYPE = YES_ERROR;
				GCC_WARN_UNDECLARED_SELECTOR = YES;
				GCC_WARN_UNINITIALIZED_AUTOS = YES_AGGRESSIVE;
				GCC_WARN_UNUSED_FUNCTION = YES;
				GCC_WARN_UNUSED_VARIABLE = YES;
				IPHONEOS_DEPLOYMENT_TARGET = 8.1;
				MTL_ENABLE_DEBUG_INFO = NO;
				SDKROOT = iphoneos;
				TARGETED_DEVICE_FAMILY = "1,2";
				VALIDATE_PRODUCT = YES;
			};
			name = Release;
		};
		A54F19EA1AA7EB5500518776 /* Debug */ = {
			isa = XCBuildConfiguration;
			buildSettings = {
				ASSETCATALOG_COMPILER_APPICON_NAME = AppIcon;
				INFOPLIST_FILE = Example/Info.plist;
				LD_RUNPATH_SEARCH_PATHS = "$(inherited) @executable_path/Frameworks";
				PRODUCT_NAME = "$(TARGET_NAME)";
			};
			name = Debug;
		};
		A54F19EB1AA7EB5500518776 /* Release */ = {
			isa = XCBuildConfiguration;
			buildSettings = {
				ASSETCATALOG_COMPILER_APPICON_NAME = AppIcon;
				INFOPLIST_FILE = Example/Info.plist;
				LD_RUNPATH_SEARCH_PATHS = "$(inherited) @executable_path/Frameworks";
				PRODUCT_NAME = "$(TARGET_NAME)";
			};
			name = Release;
		};
		A54F19ED1AA7EB5500518776 /* Debug */ = {
			isa = XCBuildConfiguration;
			buildSettings = {
				BUNDLE_LOADER = "$(TEST_HOST)";
				FRAMEWORK_SEARCH_PATHS = (
					"$(SDKROOT)/Developer/Library/Frameworks",
					"$(inherited)",
				);
				GCC_PREPROCESSOR_DEFINITIONS = (
					"DEBUG=1",
					"$(inherited)",
				);
				INFOPLIST_FILE = ExampleTests/Info.plist;
				LD_RUNPATH_SEARCH_PATHS = "$(inherited) @executable_path/Frameworks @loader_path/Frameworks";
				PRODUCT_NAME = "$(TARGET_NAME)";
				TEST_HOST = "$(BUILT_PRODUCTS_DIR)/Example.app/Example";
			};
			name = Debug;
		};
		A54F19EE1AA7EB5500518776 /* Release */ = {
			isa = XCBuildConfiguration;
			buildSettings = {
				BUNDLE_LOADER = "$(TEST_HOST)";
				FRAMEWORK_SEARCH_PATHS = (
					"$(SDKROOT)/Developer/Library/Frameworks",
					"$(inherited)",
				);
				INFOPLIST_FILE = ExampleTests/Info.plist;
				LD_RUNPATH_SEARCH_PATHS = "$(inherited) @executable_path/Frameworks @loader_path/Frameworks";
				PRODUCT_NAME = "$(TARGET_NAME)";
				TEST_HOST = "$(BUILT_PRODUCTS_DIR)/Example.app/Example";
			};
			name = Release;
		};
/* End XCBuildConfiguration section */

/* Begin XCConfigurationList section */
		A54F19C11AA7EB5500518776 /* Build configuration list for PBXProject "Example" */ = {
			isa = XCConfigurationList;
			buildConfigurations = (
				A54F19E71AA7EB5500518776 /* Debug */,
				A54F19E81AA7EB5500518776 /* Release */,
			);
			defaultConfigurationIsVisible = 0;
			defaultConfigurationName = Release;
		};
		A54F19E91AA7EB5500518776 /* Build configuration list for PBXNativeTarget "Example" */ = {
			isa = XCConfigurationList;
			buildConfigurations = (
				A54F19EA1AA7EB5500518776 /* Debug */,
				A54F19EB1AA7EB5500518776 /* Release */,
			);
			defaultConfigurationIsVisible = 0;
		};
		A54F19EC1AA7EB5500518776 /* Build configuration list for PBXNativeTarget "ExampleTests" */ = {
			isa = XCConfigurationList;
			buildConfigurations = (
				A54F19ED1AA7EB5500518776 /* Debug */,
				A54F19EE1AA7EB5500518776 /* Release */,
			);
			defaultConfigurationIsVisible = 0;
		};
/* End XCConfigurationList section */
	};
	rootObject = A54F19BE1AA7EB5500518776 /* Project object */;
}
